
Microsoft Visual Studio Solution File, Format Version 12.00
# Visual Studio Version 17
VisualStudioVersion = 17.4.33205.214
MinimumVisualStudioVersion = 10.0.40219.1
Project("{FAE04EC0-301F-11D3-BF4B-00C04F79EFBC}") = "LamSerVer", "LamSerVer\LamSerVer.csproj", "{9DA870FD-69F4-469C-80F2-F0576BFB5E0D}"
EndProject
Project("{FAE04EC0-301F-11D3-BF4B-00C04F79EFBC}") = "LamClient", "LamClient\LamClient.csproj", "{455D7B41-1801-43BC-8EF5-5949996195FF}"
EndProject
Global
	GlobalSection(SolutionConfigurationPlatforms) = preSolution
		Debug|Any CPU = Debug|Any CPU
		Release|Any CPU = Release|Any CPU
	EndGlobalSection
	GlobalSection(ProjectConfigurationPlatforms) = postSolution
		{9DA870FD-69F4-469C-80F2-F0576BFB5E0D}.Debug|Any CPU.ActiveCfg = Debug|Any CPU
		{9DA870FD-69F4-469C-80F2-F0576BFB5E0D}.Debug|Any CPU.Build.0 = Debug|Any CPU
		{9DA870FD-69F4-469C-80F2-F0576BFB5E0D}.Release|Any CPU.ActiveCfg = Release|Any CPU
		{9DA870FD-69F4-469C-80F2-F0576BFB5E0D}.Release|Any CPU.Build.0 = Release|Any CPU
		{455D7B41-1801-43BC-8EF5-5949996195FF}.Debug|Any CPU.ActiveCfg = Debug|Any CPU
		{455D7B41-1801-43BC-8EF5-5949996195FF}.Debug|Any CPU.Build.0 = Debug|Any CPU
		{455D7B41-1801-43BC-8EF5-5949996195FF}.Release|Any CPU.ActiveCfg = Release|Any CPU
		{455D7B41-1801-43BC-8EF5-5949996195FF}.Release|Any CPU.Build.0 = Release|Any CPU
	EndGlobalSection
	GlobalSection(SolutionProperties) = preSolution
		HideSolutionNode = FALSE
	EndGlobalSection
	GlobalSection(ExtensibilityGlobals) = postSolution
		SolutionGuid = {39965553-C1DA-431F-9ACB-1F41440A6E44}
	EndGlobalSection
EndGlobal
